<?xml version="1.0" encoding="utf-8"?>
<Project ToolsVersion="4.0" xmlns="http://schemas.microsoft.com/developer/msbuild/2003">
  <ItemGroup>
    <ClCompile Include="main.cpp" />
    <ClCompile Include="FileSystem.cpp">
      <Filter>FileSystem</Filter>
    </ClCompile>
    <ClCompile Include="EventBroadcaster.cpp">
      <Filter>EventBroadcasting</Filter>
    </ClCompile>
    <ClCompile Include="IETSemaphore.cpp">
      <Filter>Threading</Filter>
    </ClCompile>
    <ClCompile Include="IETThread.cpp">
      <Filter>Threading</Filter>
    </ClCompile>
  </ItemGroup>
  <ItemGroup>
    <Filter Include="FileSystem">
      <UniqueIdentifier>{67ff7ea2-7f3f-4b99-a3be-33088a801c09}</UniqueIdentifier>
    </Filter>
    <Filter Include="EventBroadcasting">
      <UniqueIdentifier>{37cbd36d-0699-4020-b751-98bae8b3118d}</UniqueIdentifier>
    </Filter>
    <Filter Include="Threading">
      <UniqueIdentifier>{b184a0a0-f048-43df-9c81-f60eb05a6870}</UniqueIdentifier>
    </Filter>
  </ItemGroup>
  <ItemGroup>
    <ClInclude Include="FileSystem.h">
      <Filter>FileSystem</Filter>
    </ClInclude>
    <ClInclude Include="EventBroadcaster.h">
      <Filter>EventBroadcasting</Filter>
    </ClInclude>
    <ClInclude Include="EventNames.h">
      <Filter>EventBroadcasting</Filter>
    </ClInclude>
    <ClInclude Include="IETSemaphore.h">
      <Filter>Threading</Filter>
    </ClInclude>
    <ClInclude Include="IETThread.h">
      <Filter>Threading</Filter>
    </ClInclude>
  </ItemGroup>
</Project>